
Microsoft Visual Studio Solution File, Format Version 9.00
# Visual Studio 2005
Project("{8BC9CEB8-8B4A-11D0-8D11-00A0C91BC942}") = "idp", "idp\idp.vcproj", "{4EEEFF94-3C62-4658-921A-F77E68F630A0}"
EndProject
Project("{8BC9CEB8-8B4A-11D0-8D11-00A0C91BC942}") = "statictest", "statictest\statictest.vcproj", "{ADCDC02E-60F2-4CD4-A2B0-653E394990ED}"
EndProject
Global
	GlobalSection(SolutionConfigurationPlatforms) = preSolution
		Debug|Win32 = Debug|Win32
		Release|Win32 = Release|Win32
	EndGlobalSection
	GlobalSection(ProjectConfigurationPlatforms) = postSolution
		{4EEEFF94-3C62-4658-921A-F77E68F630A0}.Debug|Win32.ActiveCfg = Debug|Win32
		{4EEEFF94-3C62-4658-921A-F77E68F630A0}.Debug|Win32.Build.0 = Debug|Win32
		{4EEEFF94-3C62-4658-921A-F77E68F630A0}.Release|Win32.ActiveCfg = Release|Win32
		{4EEEFF94-3C62-4658-921A-F77E68F630A0}.Release|Win32.Build.0 = Release|Win32
		{ADCDC02E-60F2-4CD4-A2B0-653E394990ED}.Debug|Win32.ActiveCfg = Debug|Win32
		{ADCDC02E-60F2-4CD4-A2B0-653E394990ED}.Debug|Win32.Build.0 = Debug|Win32
		{ADCDC02E-60F2-4CD4-A2B0-653E394990ED}.Release|Win32.ActiveCfg = Release|Win32
		{ADCDC02E-60F2-4CD4-A2B0-653E394990ED}.Release|Win32.Build.0 = Release|Win32
	EndGlobalSection
	GlobalSection(SolutionProperties) = preSolution
		HideSolutionNode = FALSE
	EndGlobalSection
EndGlobal
